
Microsoft Visual Studio Solution File, Format Version 12.00
# Visual Studio Version 17
VisualStudioVersion = 17.5.33627.172
MinimumVisualStudioVersion = 10.0.40219.1
Project("{FAE04EC0-301F-11D3-BF4B-00C04F79EFBC}") = "WorldTravelTour2024", "WorldTravelTour2024\WorldTravelTour2024.csproj", "{AFAE7023-6B79-4FF1-826D-582E52A2838B}"
EndProject
Project("{FAE04EC0-301F-11D3-BF4B-00C04F79EFBC}") = "WorldTravelTour2024.Core", "WorldTravelTour2024.Core\WorldTravelTour2024.Core.csproj", "{970F6DF0-711D-4A9F-9047-AEBC1296EF0D}"
EndProject
Project("{FAE04EC0-301F-11D3-BF4B-00C04F79EFBC}") = "WorldTravelTour2024.Infrastructure", "WorldTravelTour2024.Infrastructure\WorldTravelTour2024.Infrastructure.csproj", "{F2C122C0-9B97-4B55-A046-968FDC881558}"
EndProject
Global
	GlobalSection(SolutionConfigurationPlatforms) = preSolution
		Debug|Any CPU = Debug|Any CPU
		Release|Any CPU = Release|Any CPU
	EndGlobalSection
	GlobalSection(ProjectConfigurationPlatforms) = postSolution
		{AFAE7023-6B79-4FF1-826D-582E52A2838B}.Debug|Any CPU.ActiveCfg = Debug|Any CPU
		{AFAE7023-6B79-4FF1-826D-582E52A2838B}.Debug|Any CPU.Build.0 = Debug|Any CPU
		{AFAE7023-6B79-4FF1-826D-582E52A2838B}.Release|Any CPU.ActiveCfg = Release|Any CPU
		{AFAE7023-6B79-4FF1-826D-582E52A2838B}.Release|Any CPU.Build.0 = Release|Any CPU
		{970F6DF0-711D-4A9F-9047-AEBC1296EF0D}.Debug|Any CPU.ActiveCfg = Debug|Any CPU
		{970F6DF0-711D-4A9F-9047-AEBC1296EF0D}.Debug|Any CPU.Build.0 = Debug|Any CPU
		{970F6DF0-711D-4A9F-9047-AEBC1296EF0D}.Release|Any CPU.ActiveCfg = Release|Any CPU
		{970F6DF0-711D-4A9F-9047-AEBC1296EF0D}.Release|Any CPU.Build.0 = Release|Any CPU
		{F2C122C0-9B97-4B55-A046-968FDC881558}.Debug|Any CPU.ActiveCfg = Debug|Any CPU
		{F2C122C0-9B97-4B55-A046-968FDC881558}.Debug|Any CPU.Build.0 = Debug|Any CPU
		{F2C122C0-9B97-4B55-A046-968FDC881558}.Release|Any CPU.ActiveCfg = Release|Any CPU
		{F2C122C0-9B97-4B55-A046-968FDC881558}.Release|Any CPU.Build.0 = Release|Any CPU
	EndGlobalSection
	GlobalSection(SolutionProperties) = preSolution
		HideSolutionNode = FALSE
	EndGlobalSection
	GlobalSection(ExtensibilityGlobals) = postSolution
		SolutionGuid = {AF05365D-5D3A-4D9C-AA56-748BCB71D2CC}
	EndGlobalSection
EndGlobal
